
Microsoft Visual Studio Solution File, Format Version 12.00
# Visual Studio Version 17
VisualStudioVersion = 17.7.34031.279
MinimumVisualStudioVersion = 10.0.40219.1
Project("{FAE04EC0-301F-11D3-BF4B-00C04F79EFBC}") = "Data", "Data\Data.csproj", "{4156E16B-A730-48BC-BFD6-48F535F88B1B}"
EndProject
Project("{FAE04EC0-301F-11D3-BF4B-00C04F79EFBC}") = "Logic", "Logic\Logic.csproj", "{2BBAE4E9-6633-449F-B459-08F648E6D2C6}"
EndProject
Project("{FAE04EC0-301F-11D3-BF4B-00C04F79EFBC}") = "Presentation", "Presentation\Presentation.csproj", "{8D7B19B5-1305-40AF-A4CE-01076DFFCE06}"
EndProject
Project("{FAE04EC0-301F-11D3-BF4B-00C04F79EFBC}") = "Moldel", "Moldel\Moldel.csproj", "{ECF3581B-D096-4B61-BE9E-FD322B782ED7}"
EndProject
Project("{FAE04EC0-301F-11D3-BF4B-00C04F79EFBC}") = "Singleton", "Singleton\Singleton.csproj", "{33A0ACD0-EE7F-4DA5-AF27-EE9D7AAF879B}"
EndProject
Global
	GlobalSection(SolutionConfigurationPlatforms) = preSolution
		Debug|Any CPU = Debug|Any CPU
		Release|Any CPU = Release|Any CPU
	EndGlobalSection
	GlobalSection(ProjectConfigurationPlatforms) = postSolution
		{4156E16B-A730-48BC-BFD6-48F535F88B1B}.Debug|Any CPU.ActiveCfg = Debug|Any CPU
		{4156E16B-A730-48BC-BFD6-48F535F88B1B}.Debug|Any CPU.Build.0 = Debug|Any CPU
		{4156E16B-A730-48BC-BFD6-48F535F88B1B}.Release|Any CPU.ActiveCfg = Release|Any CPU
		{4156E16B-A730-48BC-BFD6-48F535F88B1B}.Release|Any CPU.Build.0 = Release|Any CPU
		{2BBAE4E9-6633-449F-B459-08F648E6D2C6}.Debug|Any CPU.ActiveCfg = Debug|Any CPU
		{2BBAE4E9-6633-449F-B459-08F648E6D2C6}.Debug|Any CPU.Build.0 = Debug|Any CPU
		{2BBAE4E9-6633-449F-B459-08F648E6D2C6}.Release|Any CPU.ActiveCfg = Release|Any CPU
		{2BBAE4E9-6633-449F-B459-08F648E6D2C6}.Release|Any CPU.Build.0 = Release|Any CPU
		{8D7B19B5-1305-40AF-A4CE-01076DFFCE06}.Debug|Any CPU.ActiveCfg = Debug|Any CPU
		{8D7B19B5-1305-40AF-A4CE-01076DFFCE06}.Debug|Any CPU.Build.0 = Debug|Any CPU
		{8D7B19B5-1305-40AF-A4CE-01076DFFCE06}.Release|Any CPU.ActiveCfg = Release|Any CPU
		{8D7B19B5-1305-40AF-A4CE-01076DFFCE06}.Release|Any CPU.Build.0 = Release|Any CPU
		{ECF3581B-D096-4B61-BE9E-FD322B782ED7}.Debug|Any CPU.ActiveCfg = Debug|Any CPU
		{ECF3581B-D096-4B61-BE9E-FD322B782ED7}.Debug|Any CPU.Build.0 = Debug|Any CPU
		{ECF3581B-D096-4B61-BE9E-FD322B782ED7}.Release|Any CPU.ActiveCfg = Release|Any CPU
		{ECF3581B-D096-4B61-BE9E-FD322B782ED7}.Release|Any CPU.Build.0 = Release|Any CPU
		{33A0ACD0-EE7F-4DA5-AF27-EE9D7AAF879B}.Debug|Any CPU.ActiveCfg = Debug|Any CPU
		{33A0ACD0-EE7F-4DA5-AF27-EE9D7AAF879B}.Debug|Any CPU.Build.0 = Debug|Any CPU
		{33A0ACD0-EE7F-4DA5-AF27-EE9D7AAF879B}.Release|Any CPU.ActiveCfg = Release|Any CPU
		{33A0ACD0-EE7F-4DA5-AF27-EE9D7AAF879B}.Release|Any CPU.Build.0 = Release|Any CPU
	EndGlobalSection
	GlobalSection(SolutionProperties) = preSolution
		HideSolutionNode = FALSE
	EndGlobalSection
	GlobalSection(ExtensibilityGlobals) = postSolution
		SolutionGuid = {23DC62C3-F8D7-467E-9023-2E141B4C53AD}
	EndGlobalSection
EndGlobal
